
Microsoft Visual Studio Solution File, Format Version 12.00
# Visual Studio Version 16
VisualStudioVersion = 16.0.32106.194
MinimumVisualStudioVersion = 10.0.40219.1
Project("{FAE04EC0-301F-11D3-BF4B-00C04F79EFBC}") = "TheStillHeron.TestWorkshop.Console", "TheStillHeron.TestWorkshop.Console\TheStillHeron.TestWorkshop.Console.csproj", "{D08086EF-5995-401C-83CC-DF604B35AB07}"
EndProject
Global
	GlobalSection(SolutionConfigurationPlatforms) = preSolution
		Debug|Any CPU = Debug|Any CPU
		Release|Any CPU = Release|Any CPU
	EndGlobalSection
	GlobalSection(ProjectConfigurationPlatforms) = postSolution
		{D08086EF-5995-401C-83CC-DF604B35AB07}.Debug|Any CPU.ActiveCfg = Debug|Any CPU
		{D08086EF-5995-401C-83CC-DF604B35AB07}.Debug|Any CPU.Build.0 = Debug|Any CPU
		{D08086EF-5995-401C-83CC-DF604B35AB07}.Release|Any CPU.ActiveCfg = Release|Any CPU
		{D08086EF-5995-401C-83CC-DF604B35AB07}.Release|Any CPU.Build.0 = Release|Any CPU
	EndGlobalSection
	GlobalSection(SolutionProperties) = preSolution
		HideSolutionNode = FALSE
	EndGlobalSection
	GlobalSection(ExtensibilityGlobals) = postSolution
		SolutionGuid = {663CCAEB-5446-4872-AD11-82C5F62F75E8}
	EndGlobalSection
EndGlobal
